
Microsoft Visual Studio Solution File, Format Version 12.00
# Visual Studio Version 17
VisualStudioVersion = 17.8.34330.188
MinimumVisualStudioVersion = 10.0.40219.1
Project("{9A19103F-16F7-4668-BE54-9A1E7A4F7556}") = "MalirosoBlog.API", "MalirosoBlog.API\MalirosoBlog.API.csproj", "{E1F74E8A-762A-4D92-8A9F-C9E361A57372}"
EndProject
Project("{9A19103F-16F7-4668-BE54-9A1E7A4F7556}") = "MalirosoBlog.Data", "MalirosoBlog.Data\MalirosoBlog.Data.csproj", "{5DDD8CE5-D4A8-461C-82CD-F3A387AA8821}"
EndProject
Project("{9A19103F-16F7-4668-BE54-9A1E7A4F7556}") = "MalirosoBlog.Models", "MalirosoBlog.Models\MalirosoBlog.Models.csproj", "{9D561515-4FBE-4DDD-8D22-3E268F2BFEDB}"
EndProject
Project("{9A19103F-16F7-4668-BE54-9A1E7A4F7556}") = "MalirosoBlog.Services", "MalirosoBlog.Services\MalirosoBlog.Services.csproj", "{BFEB691F-98B4-41A3-9571-E7AD565FB713}"
EndProject
Project("{FAE04EC0-301F-11D3-BF4B-00C04F79EFBC}") = "MalirosoBlog.Docs", "MalirosoBlog.Docs\MalirosoBlog.Docs.csproj", "{D50FDDED-F938-40E4-AD3E-D984B9333FE2}"
EndProject
Global
	GlobalSection(SolutionConfigurationPlatforms) = preSolution
		Debug|Any CPU = Debug|Any CPU
		Release|Any CPU = Release|Any CPU
	EndGlobalSection
	GlobalSection(ProjectConfigurationPlatforms) = postSolution
		{E1F74E8A-762A-4D92-8A9F-C9E361A57372}.Debug|Any CPU.ActiveCfg = Debug|Any CPU
		{E1F74E8A-762A-4D92-8A9F-C9E361A57372}.Debug|Any CPU.Build.0 = Debug|Any CPU
		{E1F74E8A-762A-4D92-8A9F-C9E361A57372}.Release|Any CPU.ActiveCfg = Release|Any CPU
		{E1F74E8A-762A-4D92-8A9F-C9E361A57372}.Release|Any CPU.Build.0 = Release|Any CPU
		{5DDD8CE5-D4A8-461C-82CD-F3A387AA8821}.Debug|Any CPU.ActiveCfg = Debug|Any CPU
		{5DDD8CE5-D4A8-461C-82CD-F3A387AA8821}.Debug|Any CPU.Build.0 = Debug|Any CPU
		{5DDD8CE5-D4A8-461C-82CD-F3A387AA8821}.Release|Any CPU.ActiveCfg = Release|Any CPU
		{5DDD8CE5-D4A8-461C-82CD-F3A387AA8821}.Release|Any CPU.Build.0 = Release|Any CPU
		{9D561515-4FBE-4DDD-8D22-3E268F2BFEDB}.Debug|Any CPU.ActiveCfg = Debug|Any CPU
		{9D561515-4FBE-4DDD-8D22-3E268F2BFEDB}.Debug|Any CPU.Build.0 = Debug|Any CPU
		{9D561515-4FBE-4DDD-8D22-3E268F2BFEDB}.Release|Any CPU.ActiveCfg = Release|Any CPU
		{9D561515-4FBE-4DDD-8D22-3E268F2BFEDB}.Release|Any CPU.Build.0 = Release|Any CPU
		{BFEB691F-98B4-41A3-9571-E7AD565FB713}.Debug|Any CPU.ActiveCfg = Debug|Any CPU
		{BFEB691F-98B4-41A3-9571-E7AD565FB713}.Debug|Any CPU.Build.0 = Debug|Any CPU
		{BFEB691F-98B4-41A3-9571-E7AD565FB713}.Release|Any CPU.ActiveCfg = Release|Any CPU
		{BFEB691F-98B4-41A3-9571-E7AD565FB713}.Release|Any CPU.Build.0 = Release|Any CPU
		{D50FDDED-F938-40E4-AD3E-D984B9333FE2}.Debug|Any CPU.ActiveCfg = Debug|Any CPU
		{D50FDDED-F938-40E4-AD3E-D984B9333FE2}.Debug|Any CPU.Build.0 = Debug|Any CPU
		{D50FDDED-F938-40E4-AD3E-D984B9333FE2}.Release|Any CPU.ActiveCfg = Release|Any CPU
		{D50FDDED-F938-40E4-AD3E-D984B9333FE2}.Release|Any CPU.Build.0 = Release|Any CPU
	EndGlobalSection
	GlobalSection(SolutionProperties) = preSolution
		HideSolutionNode = FALSE
	EndGlobalSection
	GlobalSection(ExtensibilityGlobals) = postSolution
		SolutionGuid = {617E2DA3-F82C-4BBC-8C64-A8055655830B}
	EndGlobalSection
EndGlobal
